
Microsoft Visual Studio Solution File, Format Version 12.00
# Visual Studio 14
VisualStudioVersion = 14.0.25420.1
MinimumVisualStudioVersion = 10.0.40219.1
Project("{E24C65DC-7377-472B-9ABA-BC803B73C61A}") = "CribSheet", ".", "{FEC4B069-CDD9-417C-B4D9-AD67C33012D0}"
	ProjectSection(WebsiteProperties) = preProject
		TargetFrameworkMoniker = ".NETFramework,Version%3Dv4.5.2"
		Debug.AspNetCompiler.VirtualPath = "/localhost_62652"
		Debug.AspNetCompiler.PhysicalPath = "..\CribSheet\"
		Debug.AspNetCompiler.TargetPath = "PrecompiledWeb\localhost_62652\"
		Debug.AspNetCompiler.Updateable = "true"
		Debug.AspNetCompiler.ForceOverwrite = "true"
		Debug.AspNetCompiler.FixedNames = "false"
		Debug.AspNetCompiler.Debug = "True"
		Release.AspNetCompiler.VirtualPath = "/localhost_62652"
		Release.AspNetCompiler.PhysicalPath = "..\CribSheet\"
		Release.AspNetCompiler.TargetPath = "PrecompiledWeb\localhost_62652\"
		Release.AspNetCompiler.Updateable = "true"
		Release.AspNetCompiler.ForceOverwrite = "true"
		Release.AspNetCompiler.FixedNames = "false"
		Release.AspNetCompiler.Debug = "False"
		VWDPort = "62652"
		SlnRelativePath = "..\CribSheet\"
	EndProjectSection
EndProject
Global
	GlobalSection(SolutionConfigurationPlatforms) = preSolution
		Debug|Any CPU = Debug|Any CPU
	EndGlobalSection
	GlobalSection(ProjectConfigurationPlatforms) = postSolution
		{FEC4B069-CDD9-417C-B4D9-AD67C33012D0}.Debug|Any CPU.ActiveCfg = Debug|Any CPU
		{FEC4B069-CDD9-417C-B4D9-AD67C33012D0}.Debug|Any CPU.Build.0 = Debug|Any CPU
	EndGlobalSection
	GlobalSection(SolutionProperties) = preSolution
		HideSolutionNode = FALSE
	EndGlobalSection
EndGlobal
